
Microsoft Visual Studio Solution File, Format Version 12.00
# Visual Studio 15
VisualStudioVersion = 15.0.26730.3
MinimumVisualStudioVersion = 10.0.40219.1
<<<<<<< HEAD
Project("{FAE04EC0-301F-11D3-BF4B-00C04F79EFBC}") = "AppStatisticsCore", "AppStatisticsCore\AppStatisticsCore.csproj", "{D6C2791C-4F01-4C38-A6CA-6983E05AAE27}"
EndProject
Project("{FAE04EC0-301F-11D3-BF4B-00C04F79EFBC}") = "AppStatisticsCommon", "AppStatisticsCommon\AppStatisticsCommon.csproj", "{9BEFF6E5-9217-4000-B733-3E2AAD01A3EB}"
=======
Global
	GlobalSection(SolutionConfigurationPlatforms) = preSolution
		Debug|Any CPU = Debug|Any CPU
		Release|Any CPU = Release|Any CPU
	EndGlobalSection
	GlobalSection(ProjectConfigurationPlatforms) = postSolution
<<<<<<< HEAD
		{D6C2791C-4F01-4C38-A6CA-6983E05AAE27}.Debug|Any CPU.ActiveCfg = Debug|Any CPU
		{D6C2791C-4F01-4C38-A6CA-6983E05AAE27}.Debug|Any CPU.Build.0 = Debug|Any CPU
		{D6C2791C-4F01-4C38-A6CA-6983E05AAE27}.Release|Any CPU.ActiveCfg = Release|Any CPU
		{D6C2791C-4F01-4C38-A6CA-6983E05AAE27}.Release|Any CPU.Build.0 = Release|Any CPU
		{9BEFF6E5-9217-4000-B733-3E2AAD01A3EB}.Debug|Any CPU.ActiveCfg = Debug|Any CPU
		{9BEFF6E5-9217-4000-B733-3E2AAD01A3EB}.Debug|Any CPU.Build.0 = Debug|Any CPU
		{9BEFF6E5-9217-4000-B733-3E2AAD01A3EB}.Release|Any CPU.ActiveCfg = Release|Any CPU
		{9BEFF6E5-9217-4000-B733-3E2AAD01A3EB}.Release|Any CPU.Build.0 = Release|Any CPU
=======
		{569E304B-839F-44EF-9C7B-1E2C5B55627E}.Debug|Any CPU.ActiveCfg = Debug|Any CPU
		{569E304B-839F-44EF-9C7B-1E2C5B55627E}.Debug|Any CPU.Build.0 = Debug|Any CPU
		{569E304B-839F-44EF-9C7B-1E2C5B55627E}.Release|Any CPU.ActiveCfg = Release|Any CPU
		{569E304B-839F-44EF-9C7B-1E2C5B55627E}.Release|Any CPU.Build.0 = Release|Any CPU
>>>>>>> c45d5bc5bc5dc3e3d51164919442f9534ea3baad
	EndGlobalSection
	GlobalSection(SolutionProperties) = preSolution
		HideSolutionNode = FALSE
	EndGlobalSection
	GlobalSection(ExtensibilityGlobals) = postSolution
<<<<<<< HEAD
		SolutionGuid = {450AC97A-E488-4FA5-B9E7-6E09E3E856D2}
=======
		SolutionGuid = {DF4C5620-5985-4AA5-927B-DF377BF0FE56}
>>>>>>> c45d5bc5bc5dc3e3d51164919442f9534ea3baad
	EndGlobalSection
EndGlobal
